
Microsoft Visual Studio Solution File, Format Version 12.00
# Visual Studio Version 16
VisualStudioVersion = 16.0.30225.117
MinimumVisualStudioVersion = 10.0.40219.1
Project("{FAE04EC0-301F-11D3-BF4B-00C04F79EFBC}") = "Hec.Dss.Excel", "DSSExcelPlugin\Hec.Dss.Excel.csproj", "{E20EA78B-0CC7-4BFF-9038-97A5E2182180}"
EndProject
Project("{FAE04EC0-301F-11D3-BF4B-00C04F79EFBC}") = "DSSExcelTests", "DSSExcelTests\DSSExcelTests.csproj", "{731369B3-5128-4EFD-8DCA-D1125E9F8547}"
EndProject
Project("{FAE04EC0-301F-11D3-BF4B-00C04F79EFBC}") = "DSSExcelCLI", "DSSExcelCLI\DSSExcelCLI.csproj", "{ECCFF267-4389-4ADD-93A8-CBFD14ACA9F3}"
EndProject
Project("{FAE04EC0-301F-11D3-BF4B-00C04F79EFBC}") = "DSSExcelImport", "DSSExcelImport\DSSExcelImport.csproj", "{BF0B92A4-2A93-4027-B722-076F9A406E9A}"
EndProject
Project("{FAE04EC0-301F-11D3-BF4B-00C04F79EFBC}") = "DSSExcelExport", "DSSExcelExport\DSSExcelExport.csproj", "{F83546EB-BCA3-4B11-9001-0E1B12990E76}"
EndProject
Global
	GlobalSection(SolutionConfigurationPlatforms) = preSolution
		Debug|Any CPU = Debug|Any CPU
		Release|Any CPU = Release|Any CPU
	EndGlobalSection
	GlobalSection(ProjectConfigurationPlatforms) = postSolution
		{E20EA78B-0CC7-4BFF-9038-97A5E2182180}.Debug|Any CPU.ActiveCfg = Debug|Any CPU
		{E20EA78B-0CC7-4BFF-9038-97A5E2182180}.Debug|Any CPU.Build.0 = Debug|Any CPU
		{E20EA78B-0CC7-4BFF-9038-97A5E2182180}.Release|Any CPU.ActiveCfg = Release|Any CPU
		{E20EA78B-0CC7-4BFF-9038-97A5E2182180}.Release|Any CPU.Build.0 = Release|Any CPU
		{731369B3-5128-4EFD-8DCA-D1125E9F8547}.Debug|Any CPU.ActiveCfg = Debug|Any CPU
		{731369B3-5128-4EFD-8DCA-D1125E9F8547}.Debug|Any CPU.Build.0 = Debug|Any CPU
		{731369B3-5128-4EFD-8DCA-D1125E9F8547}.Release|Any CPU.ActiveCfg = Release|Any CPU
		{731369B3-5128-4EFD-8DCA-D1125E9F8547}.Release|Any CPU.Build.0 = Release|Any CPU
		{ECCFF267-4389-4ADD-93A8-CBFD14ACA9F3}.Debug|Any CPU.ActiveCfg = Debug|Any CPU
		{ECCFF267-4389-4ADD-93A8-CBFD14ACA9F3}.Debug|Any CPU.Build.0 = Debug|Any CPU
		{ECCFF267-4389-4ADD-93A8-CBFD14ACA9F3}.Release|Any CPU.ActiveCfg = Release|Any CPU
		{ECCFF267-4389-4ADD-93A8-CBFD14ACA9F3}.Release|Any CPU.Build.0 = Release|Any CPU
		{BF0B92A4-2A93-4027-B722-076F9A406E9A}.Debug|Any CPU.ActiveCfg = Debug|Any CPU
		{BF0B92A4-2A93-4027-B722-076F9A406E9A}.Debug|Any CPU.Build.0 = Debug|Any CPU
		{BF0B92A4-2A93-4027-B722-076F9A406E9A}.Release|Any CPU.ActiveCfg = Release|Any CPU
		{BF0B92A4-2A93-4027-B722-076F9A406E9A}.Release|Any CPU.Build.0 = Release|Any CPU
		{F83546EB-BCA3-4B11-9001-0E1B12990E76}.Debug|Any CPU.ActiveCfg = Debug|Any CPU
		{F83546EB-BCA3-4B11-9001-0E1B12990E76}.Debug|Any CPU.Build.0 = Debug|Any CPU
		{F83546EB-BCA3-4B11-9001-0E1B12990E76}.Release|Any CPU.ActiveCfg = Release|Any CPU
		{F83546EB-BCA3-4B11-9001-0E1B12990E76}.Release|Any CPU.Build.0 = Release|Any CPU
	EndGlobalSection
	GlobalSection(SolutionProperties) = preSolution
		HideSolutionNode = FALSE
	EndGlobalSection
	GlobalSection(ExtensibilityGlobals) = postSolution
		SolutionGuid = {A173B655-3F3A-420E-B796-2D4FC437EE9F}
	EndGlobalSection
EndGlobal
