
Microsoft Visual Studio Solution File, Format Version 12.00
# Visual Studio Version 17
VisualStudioVersion = 17.0.32228.444
MinimumVisualStudioVersion = 10.0.40219.1
Project("{FAE04EC0-301F-11D3-BF4B-00C04F79EFBC}") = "DssExcel", "DssExcel\DssExcel.csproj", "{7FD12D90-135B-48CA-8E8B-B86D65EADB30}"
EndProject
Project("{FAE04EC0-301F-11D3-BF4B-00C04F79EFBC}") = "UnitTests", "UnitTests\UnitTests.csproj", "{B3F2548A-AF3B-42A5-91C5-4046D769F52A}"
EndProject
Project("{FAE04EC0-301F-11D3-BF4B-00C04F79EFBC}") = "Hec.Excel", "Hec.Excel\Hec.Excel.csproj", "{1A3F6627-0F7D-4377-A93E-6DCAAE528814}"
EndProject
Project("{9A19103F-16F7-4668-BE54-9A1E7A4F7556}") = "NoaaTides", "NoaaTides\NoaaTides.csproj", "{C2B08E24-8D28-492E-BB44-C63A23D5916D}"
EndProject
Project("{9A19103F-16F7-4668-BE54-9A1E7A4F7556}") = "CwmsApi", "CwmsApi\CwmsApi.csproj", "{8D4E08FD-CB8B-4D71-90FD-9CE70E40E335}"
EndProject
Project("{9A19103F-16F7-4668-BE54-9A1E7A4F7556}") = "Usgs", "Usgs\Usgs.csproj", "{E1BBB72D-4C53-4D99-BE6D-DF1AB7516D6A}"
EndProject
Project("{9A19103F-16F7-4668-BE54-9A1E7A4F7556}") = "CDEC", "CDEC\CDEC.csproj", "{D553A2D7-5B4D-4D91-93B4-D853D1BFF3EE}"
EndProject
Project("{FAE04EC0-301F-11D3-BF4B-00C04F79EFBC}") = "Tools", "Tools\Tools.csproj", "{2B9ACA5B-782F-4B15-8123-FA41B0631538}"
EndProject
Global
	GlobalSection(SolutionConfigurationPlatforms) = preSolution
		Debug|Any CPU = Debug|Any CPU
		Release|Any CPU = Release|Any CPU
	EndGlobalSection
	GlobalSection(ProjectConfigurationPlatforms) = postSolution
		{7FD12D90-135B-48CA-8E8B-B86D65EADB30}.Debug|Any CPU.ActiveCfg = Debug|Any CPU
		{7FD12D90-135B-48CA-8E8B-B86D65EADB30}.Debug|Any CPU.Build.0 = Debug|Any CPU
		{7FD12D90-135B-48CA-8E8B-B86D65EADB30}.Release|Any CPU.ActiveCfg = Release|Any CPU
		{7FD12D90-135B-48CA-8E8B-B86D65EADB30}.Release|Any CPU.Build.0 = Release|Any CPU
		{B3F2548A-AF3B-42A5-91C5-4046D769F52A}.Debug|Any CPU.ActiveCfg = Debug|Any CPU
		{B3F2548A-AF3B-42A5-91C5-4046D769F52A}.Debug|Any CPU.Build.0 = Debug|Any CPU
		{B3F2548A-AF3B-42A5-91C5-4046D769F52A}.Release|Any CPU.ActiveCfg = Release|Any CPU
		{B3F2548A-AF3B-42A5-91C5-4046D769F52A}.Release|Any CPU.Build.0 = Release|Any CPU
		{1A3F6627-0F7D-4377-A93E-6DCAAE528814}.Debug|Any CPU.ActiveCfg = Debug|Any CPU
		{1A3F6627-0F7D-4377-A93E-6DCAAE528814}.Debug|Any CPU.Build.0 = Debug|Any CPU
		{1A3F6627-0F7D-4377-A93E-6DCAAE528814}.Release|Any CPU.ActiveCfg = Release|Any CPU
		{1A3F6627-0F7D-4377-A93E-6DCAAE528814}.Release|Any CPU.Build.0 = Release|Any CPU
		{C2B08E24-8D28-492E-BB44-C63A23D5916D}.Debug|Any CPU.ActiveCfg = Debug|Any CPU
		{C2B08E24-8D28-492E-BB44-C63A23D5916D}.Debug|Any CPU.Build.0 = Debug|Any CPU
		{C2B08E24-8D28-492E-BB44-C63A23D5916D}.Release|Any CPU.ActiveCfg = Release|Any CPU
		{C2B08E24-8D28-492E-BB44-C63A23D5916D}.Release|Any CPU.Build.0 = Release|Any CPU
		{8D4E08FD-CB8B-4D71-90FD-9CE70E40E335}.Debug|Any CPU.ActiveCfg = Debug|Any CPU
		{8D4E08FD-CB8B-4D71-90FD-9CE70E40E335}.Debug|Any CPU.Build.0 = Debug|Any CPU
		{8D4E08FD-CB8B-4D71-90FD-9CE70E40E335}.Release|Any CPU.ActiveCfg = Release|Any CPU
		{8D4E08FD-CB8B-4D71-90FD-9CE70E40E335}.Release|Any CPU.Build.0 = Release|Any CPU
		{E1BBB72D-4C53-4D99-BE6D-DF1AB7516D6A}.Debug|Any CPU.ActiveCfg = Debug|Any CPU
		{E1BBB72D-4C53-4D99-BE6D-DF1AB7516D6A}.Debug|Any CPU.Build.0 = Debug|Any CPU
		{E1BBB72D-4C53-4D99-BE6D-DF1AB7516D6A}.Release|Any CPU.ActiveCfg = Release|Any CPU
		{E1BBB72D-4C53-4D99-BE6D-DF1AB7516D6A}.Release|Any CPU.Build.0 = Release|Any CPU
		{D553A2D7-5B4D-4D91-93B4-D853D1BFF3EE}.Debug|Any CPU.ActiveCfg = Debug|Any CPU
		{D553A2D7-5B4D-4D91-93B4-D853D1BFF3EE}.Debug|Any CPU.Build.0 = Debug|Any CPU
		{D553A2D7-5B4D-4D91-93B4-D853D1BFF3EE}.Release|Any CPU.ActiveCfg = Release|Any CPU
		{D553A2D7-5B4D-4D91-93B4-D853D1BFF3EE}.Release|Any CPU.Build.0 = Release|Any CPU
		{2B9ACA5B-782F-4B15-8123-FA41B0631538}.Debug|Any CPU.ActiveCfg = Debug|Any CPU
		{2B9ACA5B-782F-4B15-8123-FA41B0631538}.Debug|Any CPU.Build.0 = Debug|Any CPU
		{2B9ACA5B-782F-4B15-8123-FA41B0631538}.Release|Any CPU.ActiveCfg = Release|Any CPU
		{2B9ACA5B-782F-4B15-8123-FA41B0631538}.Release|Any CPU.Build.0 = Release|Any CPU
	EndGlobalSection
	GlobalSection(SolutionProperties) = preSolution
		HideSolutionNode = FALSE
	EndGlobalSection
	GlobalSection(ExtensibilityGlobals) = postSolution
		SolutionGuid = {A173B655-3F3A-420E-B796-2D4FC437EE9F}
	EndGlobalSection
EndGlobal
